
Microsoft Visual Studio Solution File, Format Version 12.00
# Visual Studio Version 16
VisualStudioVersion = 16.0.29318.209
MinimumVisualStudioVersion = 10.0.40219.1
Project("{FAE04EC0-301F-11D3-BF4B-00C04F79EFBC}") = "gazi.ün.ahmet.for", "gazi.ün.ahmet.for\gazi.ün.ahmet.for.csproj", "{A97A97D6-F859-4A2B-B570-52FC915F2376}"
EndProject
Global
	GlobalSection(SolutionConfigurationPlatforms) = preSolution
		Debug|Any CPU = Debug|Any CPU
		Release|Any CPU = Release|Any CPU
	EndGlobalSection
	GlobalSection(ProjectConfigurationPlatforms) = postSolution
		{A97A97D6-F859-4A2B-B570-52FC915F2376}.Debug|Any CPU.ActiveCfg = Debug|Any CPU
		{A97A97D6-F859-4A2B-B570-52FC915F2376}.Debug|Any CPU.Build.0 = Debug|Any CPU
		{A97A97D6-F859-4A2B-B570-52FC915F2376}.Release|Any CPU.ActiveCfg = Release|Any CPU
		{A97A97D6-F859-4A2B-B570-52FC915F2376}.Release|Any CPU.Build.0 = Release|Any CPU
	EndGlobalSection
	GlobalSection(SolutionProperties) = preSolution
		HideSolutionNode = FALSE
	EndGlobalSection
	GlobalSection(ExtensibilityGlobals) = postSolution
		SolutionGuid = {0AF7E893-FC7C-491C-B7B9-44425796E8AD}
	EndGlobalSection
EndGlobal
